{
  "name": "zomelets-ts",
  "version": "1.0.0",
  "lockfileVersion": 3,
  "requires": true,
  "packages": {
    "": {
      "name": "zomelets-ts",
      "version": "1.0.0",
      "license": "ISC",
      "dependencies": {
        "@spartan-hc/holo-hash": "file:../../../projects-holo/holo-hash-js",
        "@whi/weblogger": "file:../../../projects/js-weblogger",
        "js-sha256": "^0.11.0"
      },
      "devDependencies": {
        "@types/node": "^20.11.19",
        "typescript": "^5.3.3"
      }
    },
    "../../../projects-holo/holo-hash-js": {
      "name": "@spartan-hc/holo-hash",
      "version": "0.6.1",
      "license": "ISC",
      "dependencies": {
        "@whi/xor-digest": "^0.1.0"
      },
      "devDependencies": {
        "@whi/weblogger": "^0.1.6",
        "chai": "^4.3.4",
        "mocha": "^9.2.2",
        "typescript": "^5.3.3",
        "webpack": "^5.78.0",
        "webpack-cli": "^4.7.2"
      }
    },
    "../../../projects/js-weblogger": {
      "name": "@whi/weblogger",
      "version": "0.2.1",
      "license": "ISC",
      "devDependencies": {
        "chai": "^4.3.4",
        "mocha": "^10.0.0",
        "node-localstorage": "^2.2.1",
        "typescript": "^5.3.3",
        "webpack": "^5.76.2",
        "webpack-cli": "^4.8.0"
      }
    },
    "node_modules/@spartan-hc/holo-hash": {
      "resolved": "../../../projects-holo/holo-hash-js",
      "link": true
    },
    "node_modules/@types/node": {
      "version": "20.11.19",
      "resolved": "https://registry.npmjs.org/@types/node/-/node-20.11.19.tgz",
      "integrity": "sha512-7xMnVEcZFu0DikYjWOlRq7NTPETrm7teqUT2WkQjrTIkEgUyyGdWsj/Zg8bEJt5TNklzbPD1X3fqfsHw3SpapQ==",
      "dev": true,
      "dependencies": {
        "undici-types": "~5.26.4"
      }
    },
    "node_modules/@whi/weblogger": {
      "resolved": "../../../projects/js-weblogger",
      "link": true
    },
    "node_modules/js-sha256": {
      "version": "0.11.0",
      "resolved": "https://registry.npmjs.org/js-sha256/-/js-sha256-0.11.0.tgz",
      "integrity": "sha512-6xNlKayMZvds9h1Y1VWc0fQHQ82BxTXizWPEtEeGvmOUYpBRy4gbWroHLpzowe6xiQhHpelCQiE7HEdznyBL9Q=="
    },
    "node_modules/typescript": {
      "version": "5.3.3",
      "resolved": "https://registry.npmjs.org/typescript/-/typescript-5.3.3.tgz",
      "integrity": "sha512-pXWcraxM0uxAS+tN0AG/BF2TyqmHO014Z070UsJ+pFvYuRSq8KH8DmWpnbXe0pEPDHXZV3FcAbJkijJ5oNEnWw==",
      "dev": true,
      "bin": {
        "tsc": "bin/tsc",
        "tsserver": "bin/tsserver"
      },
      "engines": {
        "node": ">=14.17"
      }
    },
    "node_modules/undici-types": {
      "version": "5.26.5",
      "resolved": "https://registry.npmjs.org/undici-types/-/undici-types-5.26.5.tgz",
      "integrity": "sha512-JlCMO+ehdEIKqlFxk6IfVoAUVmgz7cU7zD/h9XZ0qzeosSHmUJVOzSQvvYSYWXkFXC+IfLKSIffhv0sVZup6pA==",
      "dev": true
    }
  }
}
